
Microsoft Visual Studio Solution File, Format Version 12.00
# Visual Studio 15
VisualStudioVersion = 15.0.28307.271
MinimumVisualStudioVersion = 10.0.40219.1
Project("{FAE04EC0-301F-11D3-BF4B-00C04F79EFBC}") = "SyncServer", "SyncServer\SyncServer.csproj", "{F73C0C33-1913-4C10-A4C3-272CCE16F3F4}"
EndProject
Project("{FAE04EC0-301F-11D3-BF4B-00C04F79EFBC}") = "SysncEntity", "SysncEntity\SysncEntity.csproj", "{451ABA07-AF1D-4851-BCF2-AEDF0566DFC2}"
EndProject
Project("{FAE04EC0-301F-11D3-BF4B-00C04F79EFBC}") = "SyncClient", "SyncClient\SyncClient.csproj", "{D1AA0A78-5176-4639-93E6-78DE49D62C69}"
EndProject
Global
	GlobalSection(SolutionConfigurationPlatforms) = preSolution
		Debug|Any CPU = Debug|Any CPU
		Release|Any CPU = Release|Any CPU
	EndGlobalSection
	GlobalSection(ProjectConfigurationPlatforms) = postSolution
		{F73C0C33-1913-4C10-A4C3-272CCE16F3F4}.Debug|Any CPU.ActiveCfg = Debug|Any CPU
		{F73C0C33-1913-4C10-A4C3-272CCE16F3F4}.Debug|Any CPU.Build.0 = Debug|Any CPU
		{F73C0C33-1913-4C10-A4C3-272CCE16F3F4}.Release|Any CPU.ActiveCfg = Release|Any CPU
		{F73C0C33-1913-4C10-A4C3-272CCE16F3F4}.Release|Any CPU.Build.0 = Release|Any CPU
		{451ABA07-AF1D-4851-BCF2-AEDF0566DFC2}.Debug|Any CPU.ActiveCfg = Debug|Any CPU
		{451ABA07-AF1D-4851-BCF2-AEDF0566DFC2}.Debug|Any CPU.Build.0 = Debug|Any CPU
		{451ABA07-AF1D-4851-BCF2-AEDF0566DFC2}.Release|Any CPU.ActiveCfg = Release|Any CPU
		{451ABA07-AF1D-4851-BCF2-AEDF0566DFC2}.Release|Any CPU.Build.0 = Release|Any CPU
		{D1AA0A78-5176-4639-93E6-78DE49D62C69}.Debug|Any CPU.ActiveCfg = Debug|Any CPU
		{D1AA0A78-5176-4639-93E6-78DE49D62C69}.Debug|Any CPU.Build.0 = Debug|Any CPU
		{D1AA0A78-5176-4639-93E6-78DE49D62C69}.Release|Any CPU.ActiveCfg = Release|Any CPU
		{D1AA0A78-5176-4639-93E6-78DE49D62C69}.Release|Any CPU.Build.0 = Release|Any CPU
	EndGlobalSection
	GlobalSection(SolutionProperties) = preSolution
		HideSolutionNode = FALSE
	EndGlobalSection
	GlobalSection(ExtensibilityGlobals) = postSolution
		SolutionGuid = {509EC51D-B29F-4B08-8370-FE98A52243D7}
	EndGlobalSection
EndGlobal
